
Microsoft Visual Studio Solution File, Format Version 12.00
Project("{FAE04EC0-301F-11D3-BF4B-00C04F79EFBC}") = "CrashReporter", "CrashReporter.csproj", "{92C2555E-476B-4D60-97B1-3BE618BA4AB8}"
EndProject
Global
	GlobalSection(SolutionConfigurationPlatforms) = preSolution
		Debug|Any CPU = Debug|Any CPU
		Release|Any CPU = Release|Any CPU
	EndGlobalSection
	GlobalSection(ProjectConfigurationPlatforms) = postSolution
		{92C2555E-476B-4D60-97B1-3BE618BA4AB8}.Debug|Any CPU.ActiveCfg = Debug|Any CPU
		{92C2555E-476B-4D60-97B1-3BE618BA4AB8}.Debug|Any CPU.Build.0 = Debug|Any CPU
		{92C2555E-476B-4D60-97B1-3BE618BA4AB8}.Release|Any CPU.ActiveCfg = Release|Any CPU
		{92C2555E-476B-4D60-97B1-3BE618BA4AB8}.Release|Any CPU.Build.0 = Release|Any CPU
	EndGlobalSection
EndGlobal
